// !$*UTF8*$!
{
	archiveVersion = 1;
	classes = {
	};
	objectVersion = 50;
	objects = {

/* Begin PBXBuildFile section */
		253C72D920E9BD8D00BC1DD8 /* AppDelegate.swift in Sources */ = {isa = PBXBuildFile; fileRef = 253C72D820E9BD8D00BC1DD8 /* AppDelegate.swift */; };
		253C72E020E9BD8D00BC1DD8 /* Main.storyboard in Resources */ = {isa = PBXBuildFile; fileRef = 253C72DE20E9BD8D00BC1DD8 /* Main.storyboard */; };
		253C72E220E9BD8F00BC1DD8 /* Assets.xcassets in Resources */ = {isa = PBXBuildFile; fileRef = 253C72E120E9BD8F00BC1DD8 /* Assets.xcassets */; };
		253C72E520E9BD8F00BC1DD8 /* LaunchScreen.storyboard in Resources */ = {isa = PBXBuildFile; fileRef = 253C72E320E9BD8F00BC1DD8 /* LaunchScreen.storyboard */; };
		253C72ED20E9C2BC00BC1DD8 /* ContactsDB.plist in Resources */ = {isa = PBXBuildFile; fileRef = 253C72EC20E9C2BC00BC1DD8 /* ContactsDB.plist */; };
		253C72EF20E9C2F200BC1DD8 /* PListLoader.swift in Sources */ = {isa = PBXBuildFile; fileRef = 253C72EE20E9C2F200BC1DD8 /* PListLoader.swift */; };
		253C72F120E9C39400BC1DD8 /* Contact.swift in Sources */ = {isa = PBXBuildFile; fileRef = 253C72F020E9C39400BC1DD8 /* Contact.swift */; };
		253C72F320E9C44F00BC1DD8 /* ContactListController.swift in Sources */ = {isa = PBXBuildFile; fileRef = 253C72F220E9C44F00BC1DD8 /* ContactListController.swift */; };
		253C72F520E9C4A800BC1DD8 /* ContactDetailController.swift in Sources */ = {isa = PBXBuildFile; fileRef = 253C72F420E9C4A800BC1DD8 /* ContactDetailController.swift */; };
		253C72F720EB185600BC1DD8 /* ContactCell.swift in Sources */ = {isa = PBXBuildFile; fileRef = 253C72F620EB185600BC1DD8 /* ContactCell.swift */; };
/* End PBXBuildFile section */

/* Begin PBXFileReference section */
		253C72D520E9BD8D00BC1DD8 /* Contacts.app */ = {isa = PBXFileReference; explicitFileType = wrapper.application; includeInIndex = 0; path = Contacts.app; sourceTree = BUILT_PRODUCTS_DIR; };
		253C72D820E9BD8D00BC1DD8 /* AppDelegate.swift */ = {isa = PBXFileReference; lastKnownFileType = sourcecode.swift; path = AppDelegate.swift; sourceTree = "<group>"; };
		253C72DF20E9BD8D00BC1DD8 /* Base */ = {isa = PBXFileReference; lastKnownFileType = file.storyboard; name = Base; path = Base.lproj/Main.storyboard; sourceTree = "<group>"; };
		253C72E120E9BD8F00BC1DD8 /* Assets.xcassets */ = {isa = PBXFileReference; lastKnownFileType = folder.assetcatalog; path = Assets.xcassets; sourceTree = "<group>"; };
		253C72E420E9BD8F00BC1DD8 /* Base */ = {isa = PBXFileReference; lastKnownFileType = file.storyboard; name = Base; path = Base.lproj/LaunchScreen.storyboard; sourceTree = "<group>"; };
		253C72E620E9BD8F00BC1DD8 /* Info.plist */ = {isa = PBXFileReference; lastKnownFileType = text.plist.xml; path = Info.plist; sourceTree = "<group>"; };
		253C72EC20E9C2BC00BC1DD8 /* ContactsDB.plist */ = {isa = PBXFileReference; fileEncoding = 4; lastKnownFileType = text.plist.xml; path = ContactsDB.plist; sourceTree = "<group>"; };
		253C72EE20E9C2F200BC1DD8 /* PListLoader.swift */ = {isa = PBXFileReference; lastKnownFileType = sourcecode.swift; path = PListLoader.swift; sourceTree = "<group>"; };
		253C72F020E9C39400BC1DD8 /* Contact.swift */ = {isa = PBXFileReference; lastKnownFileType = sourcecode.swift; path = Contact.swift; sourceTree = "<group>"; };
		253C72F220E9C44F00BC1DD8 /* ContactListController.swift */ = {isa = PBXFileReference; lastKnownFileType = sourcecode.swift; path = ContactListController.swift; sourceTree = "<group>"; };
		253C72F420E9C4A800BC1DD8 /* ContactDetailController.swift */ = {isa = PBXFileReference; lastKnownFileType = sourcecode.swift; path = ContactDetailController.swift; sourceTree = "<group>"; };
		253C72F620EB185600BC1DD8 /* ContactCell.swift */ = {isa = PBXFileReference; lastKnownFileType = sourcecode.swift; path = ContactCell.swift; sourceTree = "<group>"; };
/* End PBXFileReference section */

/* Begin PBXFrameworksBuildPhase section */
		253C72D220E9BD8D00BC1DD8 /* Frameworks */ = {
			isa = PBXFrameworksBuildPhase;
			buildActionMask = 2147483647;
			files = (
			);
			runOnlyForDeploymentPostprocessing = 0;
		};
/* End PBXFrameworksBuildPhase section */

/* Begin PBXGroup section */
		253C72CC20E9BD8D00BC1DD8 = {
			isa = PBXGroup;
			children = (
				253C72D720E9BD8D00BC1DD8 /* Contacts */,
				253C72D620E9BD8D00BC1DD8 /* Products */,
			);
			sourceTree = "<group>";
		};
		253C72D620E9BD8D00BC1DD8 /* Products */ = {
			isa = PBXGroup;
			children = (
				253C72D520E9BD8D00BC1DD8 /* Contacts.app */,
			);
			name = Products;
			sourceTree = "<group>";
		};
		253C72D720E9BD8D00BC1DD8 /* Contacts */ = {
			isa = PBXGroup;
			children = (
				253C72F220E9C44F00BC1DD8 /* ContactListController.swift */,
				253C72F420E9C4A800BC1DD8 /* ContactDetailController.swift */,
				253C72D820E9BD8D00BC1DD8 /* AppDelegate.swift */,
				253C72DE20E9BD8D00BC1DD8 /* Main.storyboard */,
				253C72F620EB185600BC1DD8 /* ContactCell.swift */,
				253C72E120E9BD8F00BC1DD8 /* Assets.xcassets */,
				253C72EE20E9C2F200BC1DD8 /* PListLoader.swift */,
				253C72F020E9C39400BC1DD8 /* Contact.swift */,
				253C72E320E9BD8F00BC1DD8 /* LaunchScreen.storyboard */,
				253C72E620E9BD8F00BC1DD8 /* Info.plist */,
				253C72EC20E9C2BC00BC1DD8 /* ContactsDB.plist */,
			);
			path = Contacts;
			sourceTree = "<group>";
		};
/* End PBXGroup section */

/* Begin PBXNativeTarget section */
		253C72D420E9BD8D00BC1DD8 /* Contacts */ = {
			isa = PBXNativeTarget;
			buildConfigurationList = 253C72E920E9BD8F00BC1DD8 /* Build configuration list for PBXNativeTarget "Contacts" */;
			buildPhases = (
				253C72D120E9BD8D00BC1DD8 /* Sources */,
				253C72D220E9BD8D00BC1DD8 /* Frameworks */,
				253C72D320E9BD8D00BC1DD8 /* Resources */,
			);
			buildRules = (
			);
			dependencies = (
			);
			name = Contacts;
			productName = Contacts;
			productReference = 253C72D520E9BD8D00BC1DD8 /* Contacts.app */;
			productType = "com.apple.product-type.application";
		};
/* End PBXNativeTarget section */

/* Begin PBXProject section */
		253C72CD20E9BD8D00BC1DD8 /* Project object */ = {
			isa = PBXProject;
			attributes = {
				LastSwiftUpdateCheck = 0940;
				LastUpgradeCheck = 0940;
				ORGANIZATIONNAME = "Devodriq Roberts";
				TargetAttributes = {
					253C72D420E9BD8D00BC1DD8 = {
						CreatedOnToolsVersion = 9.4.1;
					};
				};
			};
			buildConfigurationList = 253C72D020E9BD8D00BC1DD8 /* Build configuration list for PBXProject "Contacts" */;
			compatibilityVersion = "Xcode 9.3";
			developmentRegion = en;
			hasScannedForEncodings = 0;
			knownRegions = (
				en,
				Base,
			);
			mainGroup = 253C72CC20E9BD8D00BC1DD8;
			productRefGroup = 253C72D620E9BD8D00BC1DD8 /* Products */;
			projectDirPath = "";
			projectRoot = "";
			targets = (
				253C72D420E9BD8D00BC1DD8 /* Contacts */,
			);
		};
/* End PBXProject section */

/* Begin PBXResourcesBuildPhase section */
		253C72D320E9BD8D00BC1DD8 /* Resources */ = {
			isa = PBXResourcesBuildPhase;
			buildActionMask = 2147483647;
			files = (
				253C72E520E9BD8F00BC1DD8 /* LaunchScreen.storyboard in Resources */,
				253C72E220E9BD8F00BC1DD8 /* Assets.xcassets in Resources */,
				253C72E020E9BD8D00BC1DD8 /* Main.storyboard in Resources */,
				253C72ED20E9C2BC00BC1DD8 /* ContactsDB.plist in Resources */,
			);
			runOnlyForDeploymentPostprocessing = 0;
		};
/* End PBXResourcesBuildPhase section */

/* Begin PBXSourcesBuildPhase section */
		253C72D120E9BD8D00BC1DD8 /* Sources */ = {
			isa = PBXSourcesBuildPhase;
			buildActionMask = 2147483647;
			files = (
				253C72F720EB185600BC1DD8 /* ContactCell.swift in Sources */,
				253C72F120E9C39400BC1DD8 /* Contact.swift in Sources */,
				253C72F520E9C4A800BC1DD8 /* ContactDetailController.swift in Sources */,
				253C72D920E9BD8D00BC1DD8 /* AppDelegate.swift in Sources */,
				253C72F320E9C44F00BC1DD8 /* ContactListController.swift in Sources */,
				253C72EF20E9C2F200BC1DD8 /* PListLoader.swift in Sources */,
			);
			runOnlyForDeploymentPostprocessing = 0;
		};
/* End PBXSourcesBuildPhase section */

/* Begin PBXVariantGroup section */
		253C72DE20E9BD8D00BC1DD8 /* Main.storyboard */ = {
			isa = PBXVariantGroup;
			children = (
				253C72DF20E9BD8D00BC1DD8 /* Base */,
			);
			name = Main.storyboard;
			sourceTree = "<group>";
		};
		253C72E320E9BD8F00BC1DD8 /* LaunchScreen.storyboard */ = {
			isa = PBXVariantGroup;
			children = (
				253C72E420E9BD8F00BC1DD8 /* Base */,
			);
			name = LaunchScreen.storyboard;
			sourceTree = "<group>";
		};
/* End PBXVariantGroup section */

/* Begin XCBuildConfiguration section */
		253C72E720E9BD8F00BC1DD8 /* Debug */ = {
			isa = XCBuildConfiguration;
			buildSettings = {
				ALWAYS_SEARCH_USER_PATHS = NO;
				CLANG_ANALYZER_NONNULL = YES;
				CLANG_ANALYZER_NUMBER_OBJECT_CONVERSION = YES_AGGRESSIVE;
				CLANG_CXX_LANGUAGE_STANDARD = "gnu++14";
				CLANG_CXX_LIBRARY = "libc++";
				CLANG_ENABLE_MODULES = YES;
				CLANG_ENABLE_OBJC_ARC = YES;
				CLANG_ENABLE_OBJC_WEAK = YES;
				CLANG_WARN_BLOCK_CAPTURE_AUTORELEASING = YES;
				CLANG_WARN_BOOL_CONVERSION = YES;
				CLANG_WARN_COMMA = YES;
				CLANG_WARN_CONSTANT_CONVERSION = YES;
				CLANG_WARN_DEPRECATED_OBJC_IMPLEMENTATIONS = YES;
				CLANG_WARN_DIRECT_OBJC_ISA_USAGE = YES_ERROR;
				CLANG_WARN_DOCUMENTATION_COMMENTS = YES;
				CLANG_WARN_EMPTY_BODY = YES;
				CLANG_WARN_ENUM_CONVERSION = YES;
				CLANG_WARN_INFINITE_RECURSION = YES;
				CLANG_WARN_INT_CONVERSION = YES;
				CLANG_WARN_NON_LITERAL_NULL_CONVERSION = YES;
				CLANG_WARN_OBJC_IMPLICIT_RETAIN_SELF = YES;
				CLANG_WARN_OBJC_LITERAL_CONVERSION = YES;
				CLANG_WARN_OBJC_ROOT_CLASS = YES_ERROR;
				CLANG_WARN_RANGE_LOOP_ANALYSIS = YES;
				CLANG_WARN_STRICT_PROTOTYPES = YES;
				CLANG_WARN_SUSPICIOUS_MOVE = YES;
				CLANG_WARN_UNGUARDED_AVAILABILITY = YES_AGGRESSIVE;
				CLANG_WARN_UNREACHABLE_CODE = YES;
				CLANG_WARN__DUPLICATE_METHOD_MATCH = YES;
				CODE_SIGN_IDENTITY = "iPhone Developer";
				COPY_PHASE_STRIP = NO;
				DEBUG_INFORMATION_FORMAT = dwarf;
				ENABLE_STRICT_OBJC_MSGSEND = YES;
				ENABLE_TESTABILITY = YES;
				GCC_C_LANGUAGE_STANDARD = gnu11;
				GCC_DYNAMIC_NO_PIC = NO;
				GCC_NO_COMMON_BLOCKS = YES;
				GCC_OPTIMIZATION_LEVEL = 0;
				GCC_PREPROCESSOR_DEFINITIONS = (
					"DEBUG=1",
					"$(inherited)",
				);
				GCC_WARN_64_TO_32_BIT_CONVERSION = YES;
				GCC_WARN_ABOUT_RETURN_TYPE = YES_ERROR;
				GCC_WARN_UNDECLARED_SELECTOR = YES;
				GCC_WARN_UNINITIALIZED_AUTOS = YES_AGGRESSIVE;
				GCC_WARN_UNUSED_FUNCTION = YES;
				GCC_WARN_UNUSED_VARIABLE = YES;
				IPHONEOS_DEPLOYMENT_TARGET = 11.4;
				MTL_ENABLE_DEBUG_INFO = YES;
				ONLY_ACTIVE_ARCH = YES;
				SDKROOT = iphoneos;
				SWIFT_ACTIVE_COMPILATION_CONDITIONS = DEBUG;
				SWIFT_OPTIMIZATION_LEVEL = "-Onone";
			};
			name = Debug;
		};
		253C72E820E9BD8F00BC1DD8 /* Release */ = {
			isa = XCBuildConfiguration;
			buildSettings = {
				ALWAYS_SEARCH_USER_PATHS = NO;
				CLANG_ANALYZER_NONNULL = YES;
				CLANG_ANALYZER_NUMBER_OBJECT_CONVERSION = YES_AGGRESSIVE;
				CLANG_CXX_LANGUAGE_STANDARD = "gnu++14";
				CLANG_CXX_LIBRARY = "libc++";
				CLANG_ENABLE_MODULES = YES;
				CLANG_ENABLE_OBJC_ARC = YES;
				CLANG_ENABLE_OBJC_WEAK = YES;
				CLANG_WARN_BLOCK_CAPTURE_AUTORELEASING = YES;
				CLANG_WARN_BOOL_CONVERSION = YES;
				CLANG_WARN_COMMA = YES;
				CLANG_WARN_CONSTANT_CONVERSION = YES;
				CLANG_WARN_DEPRECATED_OBJC_IMPLEMENTATIONS = YES;
				CLANG_WARN_DIRECT_OBJC_ISA_USAGE = YES_ERROR;
				CLANG_WARN_DOCUMENTATION_COMMENTS = YES;
				CLANG_WARN_EMPTY_BODY = YES;
				CLANG_WARN_ENUM_CONVERSION = YES;
				CLANG_WARN_INFINITE_RECURSION = YES;
				CLANG_WARN_INT_CONVERSION = YES;
				CLANG_WARN_NON_LITERAL_NULL_CONVERSION = YES;
				CLANG_WARN_OBJC_IMPLICIT_RETAIN_SELF = YES;
				CLANG_WARN_OBJC_LITERAL_CONVERSION = YES;
				CLANG_WARN_OBJC_ROOT_CLASS = YES_ERROR;
				CLANG_WARN_RANGE_LOOP_ANALYSIS = YES;
				CLANG_WARN_STRICT_PROTOTYPES = YES;
				CLANG_WARN_SUSPICIOUS_MOVE = YES;
				CLANG_WARN_UNGUARDED_AVAILABILITY = YES_AGGRESSIVE;
				CLANG_WARN_UNREACHABLE_CODE = YES;
				CLANG_WARN__DUPLICATE_METHOD_MATCH = YES;
				CODE_SIGN_IDENTITY = "iPhone Developer";
				COPY_PHASE_STRIP = NO;
				DEBUG_INFORMATION_FORMAT = "dwarf-with-dsym";
				ENABLE_NS_ASSERTIONS = NO;
				ENABLE_STRICT_OBJC_MSGSEND = YES;
				GCC_C_LANGUAGE_STANDARD = gnu11;
				GCC_NO_COMMON_BLOCKS = YES;
				GCC_WARN_64_TO_32_BIT_CONVERSION = YES;
				GCC_WARN_ABOUT_RETURN_TYPE = YES_ERROR;
				GCC_WARN_UNDECLARED_SELECTOR = YES;
				GCC_WARN_UNINITIALIZED_AUTOS = YES_AGGRESSIVE;
				GCC_WARN_UNUSED_FUNCTION = YES;
				GCC_WARN_UNUSED_VARIABLE = YES;
				IPHONEOS_DEPLOYMENT_TARGET = 11.4;
				MTL_ENABLE_DEBUG_INFO = NO;
				SDKROOT = iphoneos;
				SWIFT_COMPILATION_MODE = wholemodule;
				SWIFT_OPTIMIZATION_LEVEL = "-O";
				VALIDATE_PRODUCT = YES;
			};
			name = Release;
		};
		253C72EA20E9BD8F00BC1DD8 /* Debug */ = {
			isa = XCBuildConfiguration;
			buildSettings = {
				ASSETCATALOG_COMPILER_APPICON_NAME = AppIcon;
				CODE_SIGN_STYLE = Automatic;
				DEVELOPMENT_TEAM = R324JN2J7P;
				INFOPLIST_FILE = Contacts/Info.plist;
				LD_RUNPATH_SEARCH_PATHS = (
					"$(inherited)",
					"@executable_path/Frameworks",
				);
				PRODUCT_BUNDLE_IDENTIFIER = co.DevodriqRoberts.Contacts;
				PRODUCT_NAME = "$(TARGET_NAME)";
				SWIFT_VERSION = 4.0;
				TARGETED_DEVICE_FAMILY = "1,2";
			};
			name = Debug;
		};
		253C72EB20E9BD8F00BC1DD8 /* Release */ = {
			isa = XCBuildConfiguration;
			buildSettings = {
				ASSETCATALOG_COMPILER_APPICON_NAME = AppIcon;
				CODE_SIGN_STYLE = Automatic;
				DEVELOPMENT_TEAM = R324JN2J7P;
				INFOPLIST_FILE = Contacts/Info.plist;
				LD_RUNPATH_SEARCH_PATHS = (
					"$(inherited)",
					"@executable_path/Frameworks",
				);
				PRODUCT_BUNDLE_IDENTIFIER = co.DevodriqRoberts.Contacts;
				PRODUCT_NAME = "$(TARGET_NAME)";
				SWIFT_VERSION = 4.0;
				TARGETED_DEVICE_FAMILY = "1,2";
			};
			name = Release;
		};
/* End XCBuildConfiguration section */

/* Begin XCConfigurationList section */
		253C72D020E9BD8D00BC1DD8 /* Build configuration list for PBXProject "Contacts" */ = {
			isa = XCConfigurationList;
			buildConfigurations = (
				253C72E720E9BD8F00BC1DD8 /* Debug */,
				253C72E820E9BD8F00BC1DD8 /* Release */,
			);
			defaultConfigurationIsVisible = 0;
			defaultConfigurationName = Release;
		};
		253C72E920E9BD8F00BC1DD8 /* Build configuration list for PBXNativeTarget "Contacts" */ = {
			isa = XCConfigurationList;
			buildConfigurations = (
				253C72EA20E9BD8F00BC1DD8 /* Debug */,
				253C72EB20E9BD8F00BC1DD8 /* Release */,
			);
			defaultConfigurationIsVisible = 0;
			defaultConfigurationName = Release;
		};
/* End XCConfigurationList section */
	};
	rootObject = 253C72CD20E9BD8D00BC1DD8 /* Project object */;
}
